Microsoft Visual Studio Solution File, Format Version 12.00
# Visual Studio 14
VisualStudioVersion = 14.0.25420.1
MinimumVisualStudioVersion = 10.0.40219.1
Project("{FAE04EC0-301F-11D3-BF4B-00C04F79EFBC}") = "LoanStreet.LoanServicing", "src\LoanStreet.LoanServicing\LoanStreet.LoanServicing.csproj", "{624D2CE7-AE8A-4B20-874C-56ECEDB0838C}"
EndProject
Project("{FAE04EC0-301F-11D3-BF4B-00C04F79EFBC}") = "LoanStreet.LoanServicing.Test", "src\LoanStreet.LoanServicing.Test\LoanStreet.LoanServicing.Test.csproj", "{19F1DEBC-DE5E-4517-8062-F000CD499087}"
EndProject
Project("{FAE04EC0-301F-11D3-BF4B-00C04F79EFBC}") = "LoanStreet.LoanServicing.Examples", "src\LoanStreet.LoanServicing.Examples\LoanStreet.LoanServicing.Examples.csproj", "{10552A3E-E00E-492D-B771-1B0E6D2DEF5E}"
EndProject
Project("{FAE04EC0-301F-11D3-BF4B-00C04F79EFBC}") = "BuildScript", "src\BuildScript\BuildScript.csproj", "{E9BD3167-E3E4-43E4-860E-B074A054F69D}"
EndProject
Global
	GlobalSection(SolutionConfigurationPlatforms) = preSolution
		Debug|Any CPU = Debug|Any CPU
		Release|Any CPU = Release|Any CPU
	EndGlobalSection
	GlobalSection(ProjectConfigurationPlatforms) = postSolution
		{624D2CE7-AE8A-4B20-874C-56ECEDB0838C}.Debug|Any CPU.ActiveCfg = Debug|Any CPU
		{624D2CE7-AE8A-4B20-874C-56ECEDB0838C}.Debug|Any CPU.Build.0 = Debug|Any CPU
		{624D2CE7-AE8A-4B20-874C-56ECEDB0838C}.Release|Any CPU.ActiveCfg = Release|Any CPU
		{624D2CE7-AE8A-4B20-874C-56ECEDB0838C}.Release|Any CPU.Build.0 = Release|Any CPU
		{19F1DEBC-DE5E-4517-8062-F000CD499087}.Debug|Any CPU.ActiveCfg = Debug|Any CPU
		{19F1DEBC-DE5E-4517-8062-F000CD499087}.Debug|Any CPU.Build.0 = Debug|Any CPU
		{19F1DEBC-DE5E-4517-8062-F000CD499087}.Release|Any CPU.ActiveCfg = Release|Any CPU
		{19F1DEBC-DE5E-4517-8062-F000CD499087}.Release|Any CPU.Build.0 = Release|Any CPU
		{10552A3E-E00E-492D-B771-1B0E6D2DEF5E}.Debug|Any CPU.ActiveCfg = Debug|Any CPU
		{10552A3E-E00E-492D-B771-1B0E6D2DEF5E}.Debug|Any CPU.Build.0 = Debug|Any CPU
		{10552A3E-E00E-492D-B771-1B0E6D2DEF5E}.Release|Any CPU.ActiveCfg = Release|Any CPU
		{10552A3E-E00E-492D-B771-1B0E6D2DEF5E}.Release|Any CPU.Build.0 = Release|Any CPU
		{E9BD3167-E3E4-43E4-860E-B074A054F69D}.Debug|Any CPU.ActiveCfg = Debug|Any CPU
		{E9BD3167-E3E4-43E4-860E-B074A054F69D}.Debug|Any CPU.Build.0 = Debug|Any CPU
		{E9BD3167-E3E4-43E4-860E-B074A054F69D}.Release|Any CPU.ActiveCfg = Release|Any CPU
		{E9BD3167-E3E4-43E4-860E-B074A054F69D}.Release|Any CPU.Build.0 = Release|Any CPU
	EndGlobalSection
	GlobalSection(SolutionProperties) = preSolution
		HideSolutionNode = FALSE
	EndGlobalSection
EndGlobal
