{
  "version": 3,
  "targets": {
    ".NETCoreApp,Version=v3.1": {
      "FlubuCore.GlobalTool/4.3.7": {
        "type": "package"
      }
    },
    ".NETCoreApp,Version=v3.1/any": {
      "FlubuCore.GlobalTool/4.3.7": {
        "type": "package",
        "tools": {
          "tools/netcoreapp3.0/any/DotnetToolSettings.xml": {},
          "tools/netcoreapp3.0/any/FlubuCore.GlobalTool.deps.json": {},
          "tools/netcoreapp3.0/any/FlubuCore.GlobalTool.dll": {},
          "tools/netcoreapp3.0/any/FlubuCore.GlobalTool.pdb": {},
          "tools/netcoreapp3.0/any/FlubuCore.GlobalTool.runtimeconfig.json": {},
          "tools/netcoreapp3.0/any/FlubuCore.WebApi.Client.dll": {},
          "tools/netcoreapp3.0/any/FlubuCore.WebApi.Client.pdb": {},
          "tools/netcoreapp3.0/any/FlubuCore.WebApi.Client.xml": {},
          "tools/netcoreapp3.0/any/FlubuCore.WebApi.Model.dll": {},
          "tools/netcoreapp3.0/any/FlubuCore.WebApi.Model.pdb": {},
          "tools/netcoreapp3.0/any/FlubuCore.WebApi.Model.xml": {},
          "tools/netcoreapp3.0/any/FlubuCore.dll": {},
          "tools/netcoreapp3.0/any/FlubuCore.pdb": {},
          "tools/netcoreapp3.0/any/FlubuCore.xml": {},
          "tools/netcoreapp3.0/any/Glob.dll": {},
          "tools/netcoreapp3.0/any/McMaster.Extensions.CommandLineUtils.dll": {},
          "tools/netcoreapp3.0/any/Microsoft.Build.Framework.dll": {},
          "tools/netcoreapp3.0/any/Microsoft.Build.Utilities.Core.dll": {},
          "tools/netcoreapp3.0/any/Microsoft.Build.dll": {},
          "tools/netcoreapp3.0/any/Microsoft.CodeAnalysis.CSharp.Scripting.dll": {},
          "tools/netcoreapp3.0/any/Microsoft.CodeAnalysis.CSharp.dll": {},
          "tools/netcoreapp3.0/any/Microsoft.CodeAnalysis.Scripting.dll": {},
          "tools/netcoreapp3.0/any/Microsoft.CodeAnalysis.dll": {},
          "tools/netcoreapp3.0/any/Microsoft.DotNet.Cli.Utils.dll": {},
          "tools/netcoreapp3.0/any/Microsoft.DotNet.PlatformAbstractions.dll": {},
          "tools/netcoreapp3.0/any/Microsoft.Extensions.Configuration.Abstractions.dll": {},
          "tools/netcoreapp3.0/any/Microsoft.Extensions.Configuration.Binder.dll": {},
          "tools/netcoreapp3.0/any/Microsoft.Extensions.Configuration.CommandLine.dll": {},
          "tools/netcoreapp3.0/any/Microsoft.Extensions.Configuration.EnvironmentVariables.dll": {},
          "tools/netcoreapp3.0/any/Microsoft.Extensions.Configuration.FileExtensions.dll": {},
          "tools/netcoreapp3.0/any/Microsoft.Extensions.Configuration.Json.dll": {},
          "tools/netcoreapp3.0/any/Microsoft.Extensions.Configuration.dll": {},
          "tools/netcoreapp3.0/any/Microsoft.Extensions.DependencyInjection.Abstractions.dll": {},
          "tools/netcoreapp3.0/any/Microsoft.Extensions.DependencyInjection.dll": {},
          "tools/netcoreapp3.0/any/Microsoft.Extensions.DependencyModel.dll": {},
          "tools/netcoreapp3.0/any/Microsoft.Extensions.FileProviders.Abstractions.dll": {},
          "tools/netcoreapp3.0/any/Microsoft.Extensions.FileProviders.Physical.dll": {},
          "tools/netcoreapp3.0/any/Microsoft.Extensions.FileSystemGlobbing.dll": {},
          "tools/netcoreapp3.0/any/Microsoft.Extensions.Logging.Abstractions.dll": {},
          "tools/netcoreapp3.0/any/Microsoft.Extensions.Logging.Configuration.dll": {},
          "tools/netcoreapp3.0/any/Microsoft.Extensions.Logging.Console.dll": {},
          "tools/netcoreapp3.0/any/Microsoft.Extensions.Logging.dll": {},
          "tools/netcoreapp3.0/any/Microsoft.Extensions.Options.ConfigurationExtensions.dll": {},
          "tools/netcoreapp3.0/any/Microsoft.Extensions.Options.dll": {},
          "tools/netcoreapp3.0/any/Microsoft.Extensions.Primitives.dll": {},
          "tools/netcoreapp3.0/any/Microsoft.Web.Administration.dll": {},
          "tools/netcoreapp3.0/any/NLog.Extensions.Logging.dll": {},
          "tools/netcoreapp3.0/any/NLog.dll": {},
          "tools/netcoreapp3.0/any/Newtonsoft.Json.dll": {},
          "tools/netcoreapp3.0/any/NuGet.Common.dll": {},
          "tools/netcoreapp3.0/any/NuGet.Configuration.dll": {},
          "tools/netcoreapp3.0/any/NuGet.DependencyResolver.Core.dll": {},
          "tools/netcoreapp3.0/any/NuGet.Frameworks.dll": {},
          "tools/netcoreapp3.0/any/NuGet.LibraryModel.dll": {},
          "tools/netcoreapp3.0/any/NuGet.Packaging.Core.dll": {},
          "tools/netcoreapp3.0/any/NuGet.Packaging.dll": {},
          "tools/netcoreapp3.0/any/NuGet.ProjectModel.dll": {},
          "tools/netcoreapp3.0/any/NuGet.Protocol.dll": {},
          "tools/netcoreapp3.0/any/NuGet.Versioning.dll": {},
          "tools/netcoreapp3.0/any/Pastel.dll": {},
          "tools/netcoreapp3.0/any/Renci.SshNet.dll": {},
          "tools/netcoreapp3.0/any/SshNet.Security.Cryptography.dll": {},
          "tools/netcoreapp3.0/any/System.Diagnostics.EventLog.dll": {},
          "tools/netcoreapp3.0/any/System.Security.Permissions.dll": {},
          "tools/netcoreapp3.0/any/System.ServiceProcess.ServiceController.dll": {},
          "tools/netcoreapp3.0/any/System.Threading.AccessControl.dll": {},
          "tools/netcoreapp3.0/any/System.Xml.XPath.XmlDocument.dll": {},
          "tools/netcoreapp3.0/any/cs/Microsoft.CodeAnalysis.CSharp.Scripting.resources.dll": {},
          "tools/netcoreapp3.0/any/cs/Microsoft.CodeAnalysis.CSharp.resources.dll": {},
          "tools/netcoreapp3.0/any/cs/Microsoft.CodeAnalysis.Scripting.resources.dll": {},
          "tools/netcoreapp3.0/any/cs/Microsoft.CodeAnalysis.resources.dll": {},
          "tools/netcoreapp3.0/any/cs/Microsoft.DotNet.Cli.Utils.resources.dll": {},
          "tools/netcoreapp3.0/any/de/Microsoft.CodeAnalysis.CSharp.Scripting.resources.dll": {},
          "tools/netcoreapp3.0/any/de/Microsoft.CodeAnalysis.CSharp.resources.dll": {},
          "tools/netcoreapp3.0/any/de/Microsoft.CodeAnalysis.Scripting.resources.dll": {},
          "tools/netcoreapp3.0/any/de/Microsoft.CodeAnalysis.resources.dll": {},
          "tools/netcoreapp3.0/any/de/Microsoft.DotNet.Cli.Utils.resources.dll": {},
          "tools/netcoreapp3.0/any/dotnet-flubu.dll": {},
          "tools/netcoreapp3.0/any/dotnet-flubu.exe": {},
          "tools/netcoreapp3.0/any/dotnet-flubu.pdb": {},
          "tools/netcoreapp3.0/any/es/Microsoft.CodeAnalysis.CSharp.Scripting.resources.dll": {},
          "tools/netcoreapp3.0/any/es/Microsoft.CodeAnalysis.CSharp.resources.dll": {},
          "tools/netcoreapp3.0/any/es/Microsoft.CodeAnalysis.Scripting.resources.dll": {},
          "tools/netcoreapp3.0/any/es/Microsoft.CodeAnalysis.resources.dll": {},
          "tools/netcoreapp3.0/any/es/Microsoft.DotNet.Cli.Utils.resources.dll": {},
          "tools/netcoreapp3.0/any/flubureadme.txt": {},
          "tools/netcoreapp3.0/any/fr/Microsoft.CodeAnalysis.CSharp.Scripting.resources.dll": {},
          "tools/netcoreapp3.0/any/fr/Microsoft.CodeAnalysis.CSharp.resources.dll": {},
          "tools/netcoreapp3.0/any/fr/Microsoft.CodeAnalysis.Scripting.resources.dll": {},
          "tools/netcoreapp3.0/any/fr/Microsoft.CodeAnalysis.resources.dll": {},
          "tools/netcoreapp3.0/any/fr/Microsoft.DotNet.Cli.Utils.resources.dll": {},
          "tools/netcoreapp3.0/any/it/Microsoft.CodeAnalysis.CSharp.Scripting.resources.dll": {},
          "tools/netcoreapp3.0/any/it/Microsoft.CodeAnalysis.CSharp.resources.dll": {},
          "tools/netcoreapp3.0/any/it/Microsoft.CodeAnalysis.Scripting.resources.dll": {},
          "tools/netcoreapp3.0/any/it/Microsoft.CodeAnalysis.resources.dll": {},
          "tools/netcoreapp3.0/any/it/Microsoft.DotNet.Cli.Utils.resources.dll": {},
          "tools/netcoreapp3.0/any/ja/Microsoft.CodeAnalysis.CSharp.Scripting.resources.dll": {},
          "tools/netcoreapp3.0/any/ja/Microsoft.CodeAnalysis.CSharp.resources.dll": {},
          "tools/netcoreapp3.0/any/ja/Microsoft.CodeAnalysis.Scripting.resources.dll": {},
          "tools/netcoreapp3.0/any/ja/Microsoft.CodeAnalysis.resources.dll": {},
          "tools/netcoreapp3.0/any/ja/Microsoft.DotNet.Cli.Utils.resources.dll": {},
          "tools/netcoreapp3.0/any/ko/Microsoft.CodeAnalysis.CSharp.Scripting.resources.dll": {},
          "tools/netcoreapp3.0/any/ko/Microsoft.CodeAnalysis.CSharp.resources.dll": {},
          "tools/netcoreapp3.0/any/ko/Microsoft.CodeAnalysis.Scripting.resources.dll": {},
          "tools/netcoreapp3.0/any/ko/Microsoft.CodeAnalysis.resources.dll": {},
          "tools/netcoreapp3.0/any/ko/Microsoft.DotNet.Cli.Utils.resources.dll": {},
          "tools/netcoreapp3.0/any/pl/Microsoft.CodeAnalysis.CSharp.Scripting.resources.dll": {},
          "tools/netcoreapp3.0/any/pl/Microsoft.CodeAnalysis.CSharp.resources.dll": {},
          "tools/netcoreapp3.0/any/pl/Microsoft.CodeAnalysis.Scripting.resources.dll": {},
          "tools/netcoreapp3.0/any/pl/Microsoft.CodeAnalysis.resources.dll": {},
          "tools/netcoreapp3.0/any/pl/Microsoft.DotNet.Cli.Utils.resources.dll": {},
          "tools/netcoreapp3.0/any/pt-BR/Microsoft.CodeAnalysis.CSharp.Scripting.resources.dll": {},
          "tools/netcoreapp3.0/any/pt-BR/Microsoft.CodeAnalysis.CSharp.resources.dll": {},
          "tools/netcoreapp3.0/any/pt-BR/Microsoft.CodeAnalysis.Scripting.resources.dll": {},
          "tools/netcoreapp3.0/any/pt-BR/Microsoft.CodeAnalysis.resources.dll": {},
          "tools/netcoreapp3.0/any/pt-BR/Microsoft.DotNet.Cli.Utils.resources.dll": {},
          "tools/netcoreapp3.0/any/ru/Microsoft.CodeAnalysis.CSharp.Scripting.resources.dll": {},
          "tools/netcoreapp3.0/any/ru/Microsoft.CodeAnalysis.CSharp.resources.dll": {},
          "tools/netcoreapp3.0/any/ru/Microsoft.CodeAnalysis.Scripting.resources.dll": {},
          "tools/netcoreapp3.0/any/ru/Microsoft.CodeAnalysis.resources.dll": {},
          "tools/netcoreapp3.0/any/ru/Microsoft.DotNet.Cli.Utils.resources.dll": {},
          "tools/netcoreapp3.0/any/runtimes/unix/lib/netstandard1.3/System.Security.Cryptography.ProtectedData.dll": {},
          "tools/netcoreapp3.0/any/runtimes/win/lib/netcoreapp2.0/System.Diagnostics.EventLog.dll": {},
          "tools/netcoreapp3.0/any/runtimes/win/lib/netstandard1.3/System.Security.Cryptography.ProtectedData.dll": {},
          "tools/netcoreapp3.0/any/runtimes/win/lib/netstandard2.0/System.ServiceProcess.ServiceController.dll": {},
          "tools/netcoreapp3.0/any/runtimes/win/lib/netstandard2.0/System.Threading.AccessControl.dll": {},
          "tools/netcoreapp3.0/any/tr/Microsoft.CodeAnalysis.CSharp.Scripting.resources.dll": {},
          "tools/netcoreapp3.0/any/tr/Microsoft.CodeAnalysis.CSharp.resources.dll": {},
          "tools/netcoreapp3.0/any/tr/Microsoft.CodeAnalysis.Scripting.resources.dll": {},
          "tools/netcoreapp3.0/any/tr/Microsoft.CodeAnalysis.resources.dll": {},
          "tools/netcoreapp3.0/any/tr/Microsoft.DotNet.Cli.Utils.resources.dll": {},
          "tools/netcoreapp3.0/any/zh-Hans/Microsoft.CodeAnalysis.CSharp.Scripting.resources.dll": {},
          "tools/netcoreapp3.0/any/zh-Hans/Microsoft.CodeAnalysis.CSharp.resources.dll": {},
          "tools/netcoreapp3.0/any/zh-Hans/Microsoft.CodeAnalysis.Scripting.resources.dll": {},
          "tools/netcoreapp3.0/any/zh-Hans/Microsoft.CodeAnalysis.resources.dll": {},
          "tools/netcoreapp3.0/any/zh-Hans/Microsoft.DotNet.Cli.Utils.resources.dll": {},
          "tools/netcoreapp3.0/any/zh-Hant/Microsoft.CodeAnalysis.CSharp.Scripting.resources.dll": {},
          "tools/netcoreapp3.0/any/zh-Hant/Microsoft.CodeAnalysis.CSharp.resources.dll": {},
          "tools/netcoreapp3.0/any/zh-Hant/Microsoft.CodeAnalysis.Scripting.resources.dll": {},
          "tools/netcoreapp3.0/any/zh-Hant/Microsoft.CodeAnalysis.resources.dll": {},
          "tools/netcoreapp3.0/any/zh-Hant/Microsoft.DotNet.Cli.Utils.resources.dll": {}
        }
      }
    }
  },
  "libraries": {
    "FlubuCore.GlobalTool/4.3.7": {
      "sha512": "3VI8bMo8kUhPQUsD4N1DxKqqvVIhlM6bve56K4oev1L2RVqzPXyRb8/wxPZFJeIgeUZwJ+SOFCntcEz0CBZLwA==",
      "type": "package",
      "path": "flubucore.globaltool/4.3.7",
      "hasTools": true,
      "files": [
        ".nupkg.metadata",
        ".signature.p7s",
        "flubucore.globaltool.4.3.7.nupkg.sha512",
        "flubucore.globaltool.nuspec",
        "tools/netcoreapp2.1/any/DotnetToolSettings.xml",
        "tools/netcoreapp2.1/any/FlubuCore.GlobalTool.deps.json",
        "tools/netcoreapp2.1/any/FlubuCore.GlobalTool.dll",
        "tools/netcoreapp2.1/any/FlubuCore.GlobalTool.pdb",
        "tools/netcoreapp2.1/any/FlubuCore.GlobalTool.runtimeconfig.json",
        "tools/netcoreapp2.1/any/FlubuCore.WebApi.Client.dll",
        "tools/netcoreapp2.1/any/FlubuCore.WebApi.Client.pdb",
        "tools/netcoreapp2.1/any/FlubuCore.WebApi.Client.xml",
        "tools/netcoreapp2.1/any/FlubuCore.WebApi.Model.dll",
        "tools/netcoreapp2.1/any/FlubuCore.WebApi.Model.pdb",
        "tools/netcoreapp2.1/any/FlubuCore.WebApi.Model.xml",
        "tools/netcoreapp2.1/any/FlubuCore.dll",
        "tools/netcoreapp2.1/any/FlubuCore.pdb",
        "tools/netcoreapp2.1/any/FlubuCore.xml",
        "tools/netcoreapp2.1/any/Glob.dll",
        "tools/netcoreapp2.1/any/McMaster.Extensions.CommandLineUtils.dll",
        "tools/netcoreapp2.1/any/Microsoft.Build.Framework.dll",
        "tools/netcoreapp2.1/any/Microsoft.Build.Utilities.Core.dll",
        "tools/netcoreapp2.1/any/Microsoft.Build.dll",
        "tools/netcoreapp2.1/any/Microsoft.CodeAnalysis.CSharp.Scripting.dll",
        "tools/netcoreapp2.1/any/Microsoft.CodeAnalysis.CSharp.dll",
        "tools/netcoreapp2.1/any/Microsoft.CodeAnalysis.Scripting.dll",
        "tools/netcoreapp2.1/any/Microsoft.CodeAnalysis.dll",
        "tools/netcoreapp2.1/any/Microsoft.DotNet.Cli.Utils.dll",
        "tools/netcoreapp2.1/any/Microsoft.DotNet.PlatformAbstractions.dll",
        "tools/netcoreapp2.1/any/Microsoft.Extensions.Configuration.Abstractions.dll",
        "tools/netcoreapp2.1/any/Microsoft.Extensions.Configuration.Binder.dll",
        "tools/netcoreapp2.1/any/Microsoft.Extensions.Configuration.CommandLine.dll",
        "tools/netcoreapp2.1/any/Microsoft.Extensions.Configuration.EnvironmentVariables.dll",
        "tools/netcoreapp2.1/any/Microsoft.Extensions.Configuration.FileExtensions.dll",
        "tools/netcoreapp2.1/any/Microsoft.Extensions.Configuration.Json.dll",
        "tools/netcoreapp2.1/any/Microsoft.Extensions.Configuration.dll",
        "tools/netcoreapp2.1/any/Microsoft.Extensions.DependencyInjection.Abstractions.dll",
        "tools/netcoreapp2.1/any/Microsoft.Extensions.DependencyInjection.dll",
        "tools/netcoreapp2.1/any/Microsoft.Extensions.DependencyModel.dll",
        "tools/netcoreapp2.1/any/Microsoft.Extensions.FileProviders.Abstractions.dll",
        "tools/netcoreapp2.1/any/Microsoft.Extensions.FileProviders.Physical.dll",
        "tools/netcoreapp2.1/any/Microsoft.Extensions.FileSystemGlobbing.dll",
        "tools/netcoreapp2.1/any/Microsoft.Extensions.Logging.Abstractions.dll",
        "tools/netcoreapp2.1/any/Microsoft.Extensions.Logging.Configuration.dll",
        "tools/netcoreapp2.1/any/Microsoft.Extensions.Logging.Console.dll",
        "tools/netcoreapp2.1/any/Microsoft.Extensions.Logging.dll",
        "tools/netcoreapp2.1/any/Microsoft.Extensions.Options.ConfigurationExtensions.dll",
        "tools/netcoreapp2.1/any/Microsoft.Extensions.Options.dll",
        "tools/netcoreapp2.1/any/Microsoft.Extensions.Primitives.dll",
        "tools/netcoreapp2.1/any/Microsoft.Web.Administration.dll",
        "tools/netcoreapp2.1/any/NLog.Extensions.Logging.dll",
        "tools/netcoreapp2.1/any/NLog.dll",
        "tools/netcoreapp2.1/any/Newtonsoft.Json.dll",
        "tools/netcoreapp2.1/any/NuGet.Common.dll",
        "tools/netcoreapp2.1/any/NuGet.Configuration.dll",
        "tools/netcoreapp2.1/any/NuGet.DependencyResolver.Core.dll",
        "tools/netcoreapp2.1/any/NuGet.Frameworks.dll",
        "tools/netcoreapp2.1/any/NuGet.LibraryModel.dll",
        "tools/netcoreapp2.1/any/NuGet.Packaging.Core.dll",
        "tools/netcoreapp2.1/any/NuGet.Packaging.dll",
        "tools/netcoreapp2.1/any/NuGet.ProjectModel.dll",
        "tools/netcoreapp2.1/any/NuGet.Protocol.dll",
        "tools/netcoreapp2.1/any/NuGet.Versioning.dll",
        "tools/netcoreapp2.1/any/Pastel.dll",
        "tools/netcoreapp2.1/any/Renci.SshNet.dll",
        "tools/netcoreapp2.1/any/SshNet.Security.Cryptography.dll",
        "tools/netcoreapp2.1/any/System.Diagnostics.EventLog.dll",
        "tools/netcoreapp2.1/any/System.Runtime.CompilerServices.Unsafe.dll",
        "tools/netcoreapp2.1/any/System.Security.Permissions.dll",
        "tools/netcoreapp2.1/any/System.ServiceProcess.ServiceController.dll",
        "tools/netcoreapp2.1/any/System.Threading.AccessControl.dll",
        "tools/netcoreapp2.1/any/System.Xml.XPath.XmlDocument.dll",
        "tools/netcoreapp2.1/any/cs/Microsoft.CodeAnalysis.CSharp.Scripting.resources.dll",
        "tools/netcoreapp2.1/any/cs/Microsoft.CodeAnalysis.CSharp.resources.dll",
        "tools/netcoreapp2.1/any/cs/Microsoft.CodeAnalysis.Scripting.resources.dll",
        "tools/netcoreapp2.1/any/cs/Microsoft.CodeAnalysis.resources.dll",
        "tools/netcoreapp2.1/any/cs/Microsoft.DotNet.Cli.Utils.resources.dll",
        "tools/netcoreapp2.1/any/de/Microsoft.CodeAnalysis.CSharp.Scripting.resources.dll",
        "tools/netcoreapp2.1/any/de/Microsoft.CodeAnalysis.CSharp.resources.dll",
        "tools/netcoreapp2.1/any/de/Microsoft.CodeAnalysis.Scripting.resources.dll",
        "tools/netcoreapp2.1/any/de/Microsoft.CodeAnalysis.resources.dll",
        "tools/netcoreapp2.1/any/de/Microsoft.DotNet.Cli.Utils.resources.dll",
        "tools/netcoreapp2.1/any/dotnet-flubu.dll",
        "tools/netcoreapp2.1/any/dotnet-flubu.pdb",
        "tools/netcoreapp2.1/any/es/Microsoft.CodeAnalysis.CSharp.Scripting.resources.dll",
        "tools/netcoreapp2.1/any/es/Microsoft.CodeAnalysis.CSharp.resources.dll",
        "tools/netcoreapp2.1/any/es/Microsoft.CodeAnalysis.Scripting.resources.dll",
        "tools/netcoreapp2.1/any/es/Microsoft.CodeAnalysis.resources.dll",
        "tools/netcoreapp2.1/any/es/Microsoft.DotNet.Cli.Utils.resources.dll",
        "tools/netcoreapp2.1/any/flubureadme.txt",
        "tools/netcoreapp2.1/any/fr/Microsoft.CodeAnalysis.CSharp.Scripting.resources.dll",
        "tools/netcoreapp2.1/any/fr/Microsoft.CodeAnalysis.CSharp.resources.dll",
        "tools/netcoreapp2.1/any/fr/Microsoft.CodeAnalysis.Scripting.resources.dll",
        "tools/netcoreapp2.1/any/fr/Microsoft.CodeAnalysis.resources.dll",
        "tools/netcoreapp2.1/any/fr/Microsoft.DotNet.Cli.Utils.resources.dll",
        "tools/netcoreapp2.1/any/it/Microsoft.CodeAnalysis.CSharp.Scripting.resources.dll",
        "tools/netcoreapp2.1/any/it/Microsoft.CodeAnalysis.CSharp.resources.dll",
        "tools/netcoreapp2.1/any/it/Microsoft.CodeAnalysis.Scripting.resources.dll",
        "tools/netcoreapp2.1/any/it/Microsoft.CodeAnalysis.resources.dll",
        "tools/netcoreapp2.1/any/it/Microsoft.DotNet.Cli.Utils.resources.dll",
        "tools/netcoreapp2.1/any/ja/Microsoft.CodeAnalysis.CSharp.Scripting.resources.dll",
        "tools/netcoreapp2.1/any/ja/Microsoft.CodeAnalysis.CSharp.resources.dll",
        "tools/netcoreapp2.1/any/ja/Microsoft.CodeAnalysis.Scripting.resources.dll",
        "tools/netcoreapp2.1/any/ja/Microsoft.CodeAnalysis.resources.dll",
        "tools/netcoreapp2.1/any/ja/Microsoft.DotNet.Cli.Utils.resources.dll",
        "tools/netcoreapp2.1/any/ko/Microsoft.CodeAnalysis.CSharp.Scripting.resources.dll",
        "tools/netcoreapp2.1/any/ko/Microsoft.CodeAnalysis.CSharp.resources.dll",
        "tools/netcoreapp2.1/any/ko/Microsoft.CodeAnalysis.Scripting.resources.dll",
        "tools/netcoreapp2.1/any/ko/Microsoft.CodeAnalysis.resources.dll",
        "tools/netcoreapp2.1/any/ko/Microsoft.DotNet.Cli.Utils.resources.dll",
        "tools/netcoreapp2.1/any/pl/Microsoft.CodeAnalysis.CSharp.Scripting.resources.dll",
        "tools/netcoreapp2.1/any/pl/Microsoft.CodeAnalysis.CSharp.resources.dll",
        "tools/netcoreapp2.1/any/pl/Microsoft.CodeAnalysis.Scripting.resources.dll",
        "tools/netcoreapp2.1/any/pl/Microsoft.CodeAnalysis.resources.dll",
        "tools/netcoreapp2.1/any/pl/Microsoft.DotNet.Cli.Utils.resources.dll",
        "tools/netcoreapp2.1/any/pt-BR/Microsoft.CodeAnalysis.CSharp.Scripting.resources.dll",
        "tools/netcoreapp2.1/any/pt-BR/Microsoft.CodeAnalysis.CSharp.resources.dll",
        "tools/netcoreapp2.1/any/pt-BR/Microsoft.CodeAnalysis.Scripting.resources.dll",
        "tools/netcoreapp2.1/any/pt-BR/Microsoft.CodeAnalysis.resources.dll",
        "tools/netcoreapp2.1/any/pt-BR/Microsoft.DotNet.Cli.Utils.resources.dll",
        "tools/netcoreapp2.1/any/ru/Microsoft.CodeAnalysis.CSharp.Scripting.resources.dll",
        "tools/netcoreapp2.1/any/ru/Microsoft.CodeAnalysis.CSharp.resources.dll",
        "tools/netcoreapp2.1/any/ru/Microsoft.CodeAnalysis.Scripting.resources.dll",
        "tools/netcoreapp2.1/any/ru/Microsoft.CodeAnalysis.resources.dll",
        "tools/netcoreapp2.1/any/ru/Microsoft.DotNet.Cli.Utils.resources.dll",
        "tools/netcoreapp2.1/any/runtimes/unix/lib/netstandard1.3/System.Security.Cryptography.ProtectedData.dll",
        "tools/netcoreapp2.1/any/runtimes/unix/lib/netstandard1.3/System.Text.Encoding.CodePages.dll",
        "tools/netcoreapp2.1/any/runtimes/win/lib/netcoreapp2.0/System.Diagnostics.EventLog.dll",
        "tools/netcoreapp2.1/any/runtimes/win/lib/netstandard1.3/System.Security.Cryptography.ProtectedData.dll",
        "tools/netcoreapp2.1/any/runtimes/win/lib/netstandard1.3/System.Text.Encoding.CodePages.dll",
        "tools/netcoreapp2.1/any/runtimes/win/lib/netstandard2.0/System.ServiceProcess.ServiceController.dll",
        "tools/netcoreapp2.1/any/runtimes/win/lib/netstandard2.0/System.Threading.AccessControl.dll",
        "tools/netcoreapp2.1/any/tr/Microsoft.CodeAnalysis.CSharp.Scripting.resources.dll",
        "tools/netcoreapp2.1/any/tr/Microsoft.CodeAnalysis.CSharp.resources.dll",
        "tools/netcoreapp2.1/any/tr/Microsoft.CodeAnalysis.Scripting.resources.dll",
        "tools/netcoreapp2.1/any/tr/Microsoft.CodeAnalysis.resources.dll",
        "tools/netcoreapp2.1/any/tr/Microsoft.DotNet.Cli.Utils.resources.dll",
        "tools/netcoreapp2.1/any/zh-Hans/Microsoft.CodeAnalysis.CSharp.Scripting.resources.dll",
        "tools/netcoreapp2.1/any/zh-Hans/Microsoft.CodeAnalysis.CSharp.resources.dll",
        "tools/netcoreapp2.1/any/zh-Hans/Microsoft.CodeAnalysis.Scripting.resources.dll",
        "tools/netcoreapp2.1/any/zh-Hans/Microsoft.CodeAnalysis.resources.dll",
        "tools/netcoreapp2.1/any/zh-Hans/Microsoft.DotNet.Cli.Utils.resources.dll",
        "tools/netcoreapp2.1/any/zh-Hant/Microsoft.CodeAnalysis.CSharp.Scripting.resources.dll",
        "tools/netcoreapp2.1/any/zh-Hant/Microsoft.CodeAnalysis.CSharp.resources.dll",
        "tools/netcoreapp2.1/any/zh-Hant/Microsoft.CodeAnalysis.Scripting.resources.dll",
        "tools/netcoreapp2.1/any/zh-Hant/Microsoft.CodeAnalysis.resources.dll",
        "tools/netcoreapp2.1/any/zh-Hant/Microsoft.DotNet.Cli.Utils.resources.dll",
        "tools/netcoreapp3.0/any/DotnetToolSettings.xml",
        "tools/netcoreapp3.0/any/FlubuCore.GlobalTool.deps.json",
        "tools/netcoreapp3.0/any/FlubuCore.GlobalTool.dll",
        "tools/netcoreapp3.0/any/FlubuCore.GlobalTool.pdb",
        "tools/netcoreapp3.0/any/FlubuCore.GlobalTool.runtimeconfig.json",
        "tools/netcoreapp3.0/any/FlubuCore.WebApi.Client.dll",
        "tools/netcoreapp3.0/any/FlubuCore.WebApi.Client.pdb",
        "tools/netcoreapp3.0/any/FlubuCore.WebApi.Client.xml",
        "tools/netcoreapp3.0/any/FlubuCore.WebApi.Model.dll",
        "tools/netcoreapp3.0/any/FlubuCore.WebApi.Model.pdb",
        "tools/netcoreapp3.0/any/FlubuCore.WebApi.Model.xml",
        "tools/netcoreapp3.0/any/FlubuCore.dll",
        "tools/netcoreapp3.0/any/FlubuCore.pdb",
        "tools/netcoreapp3.0/any/FlubuCore.xml",
        "tools/netcoreapp3.0/any/Glob.dll",
        "tools/netcoreapp3.0/any/McMaster.Extensions.CommandLineUtils.dll",
        "tools/netcoreapp3.0/any/Microsoft.Build.Framework.dll",
        "tools/netcoreapp3.0/any/Microsoft.Build.Utilities.Core.dll",
        "tools/netcoreapp3.0/any/Microsoft.Build.dll",
        "tools/netcoreapp3.0/any/Microsoft.CodeAnalysis.CSharp.Scripting.dll",
        "tools/netcoreapp3.0/any/Microsoft.CodeAnalysis.CSharp.dll",
        "tools/netcoreapp3.0/any/Microsoft.CodeAnalysis.Scripting.dll",
        "tools/netcoreapp3.0/any/Microsoft.CodeAnalysis.dll",
        "tools/netcoreapp3.0/any/Microsoft.DotNet.Cli.Utils.dll",
        "tools/netcoreapp3.0/any/Microsoft.DotNet.PlatformAbstractions.dll",
        "tools/netcoreapp3.0/any/Microsoft.Extensions.Configuration.Abstractions.dll",
        "tools/netcoreapp3.0/any/Microsoft.Extensions.Configuration.Binder.dll",
        "tools/netcoreapp3.0/any/Microsoft.Extensions.Configuration.CommandLine.dll",
        "tools/netcoreapp3.0/any/Microsoft.Extensions.Configuration.EnvironmentVariables.dll",
        "tools/netcoreapp3.0/any/Microsoft.Extensions.Configuration.FileExtensions.dll",
        "tools/netcoreapp3.0/any/Microsoft.Extensions.Configuration.Json.dll",
        "tools/netcoreapp3.0/any/Microsoft.Extensions.Configuration.dll",
        "tools/netcoreapp3.0/any/Microsoft.Extensions.DependencyInjection.Abstractions.dll",
        "tools/netcoreapp3.0/any/Microsoft.Extensions.DependencyInjection.dll",
        "tools/netcoreapp3.0/any/Microsoft.Extensions.DependencyModel.dll",
        "tools/netcoreapp3.0/any/Microsoft.Extensions.FileProviders.Abstractions.dll",
        "tools/netcoreapp3.0/any/Microsoft.Extensions.FileProviders.Physical.dll",
        "tools/netcoreapp3.0/any/Microsoft.Extensions.FileSystemGlobbing.dll",
        "tools/netcoreapp3.0/any/Microsoft.Extensions.Logging.Abstractions.dll",
        "tools/netcoreapp3.0/any/Microsoft.Extensions.Logging.Configuration.dll",
        "tools/netcoreapp3.0/any/Microsoft.Extensions.Logging.Console.dll",
        "tools/netcoreapp3.0/any/Microsoft.Extensions.Logging.dll",
        "tools/netcoreapp3.0/any/Microsoft.Extensions.Options.ConfigurationExtensions.dll",
        "tools/netcoreapp3.0/any/Microsoft.Extensions.Options.dll",
        "tools/netcoreapp3.0/any/Microsoft.Extensions.Primitives.dll",
        "tools/netcoreapp3.0/any/Microsoft.Web.Administration.dll",
        "tools/netcoreapp3.0/any/NLog.Extensions.Logging.dll",
        "tools/netcoreapp3.0/any/NLog.dll",
        "tools/netcoreapp3.0/any/Newtonsoft.Json.dll",
        "tools/netcoreapp3.0/any/NuGet.Common.dll",
        "tools/netcoreapp3.0/any/NuGet.Configuration.dll",
        "tools/netcoreapp3.0/any/NuGet.DependencyResolver.Core.dll",
        "tools/netcoreapp3.0/any/NuGet.Frameworks.dll",
        "tools/netcoreapp3.0/any/NuGet.LibraryModel.dll",
        "tools/netcoreapp3.0/any/NuGet.Packaging.Core.dll",
        "tools/netcoreapp3.0/any/NuGet.Packaging.dll",
        "tools/netcoreapp3.0/any/NuGet.ProjectModel.dll",
        "tools/netcoreapp3.0/any/NuGet.Protocol.dll",
        "tools/netcoreapp3.0/any/NuGet.Versioning.dll",
        "tools/netcoreapp3.0/any/Pastel.dll",
        "tools/netcoreapp3.0/any/Renci.SshNet.dll",
        "tools/netcoreapp3.0/any/SshNet.Security.Cryptography.dll",
        "tools/netcoreapp3.0/any/System.Diagnostics.EventLog.dll",
        "tools/netcoreapp3.0/any/System.Security.Permissions.dll",
        "tools/netcoreapp3.0/any/System.ServiceProcess.ServiceController.dll",
        "tools/netcoreapp3.0/any/System.Threading.AccessControl.dll",
        "tools/netcoreapp3.0/any/System.Xml.XPath.XmlDocument.dll",
        "tools/netcoreapp3.0/any/cs/Microsoft.CodeAnalysis.CSharp.Scripting.resources.dll",
        "tools/netcoreapp3.0/any/cs/Microsoft.CodeAnalysis.CSharp.resources.dll",
        "tools/netcoreapp3.0/any/cs/Microsoft.CodeAnalysis.Scripting.resources.dll",
        "tools/netcoreapp3.0/any/cs/Microsoft.CodeAnalysis.resources.dll",
        "tools/netcoreapp3.0/any/cs/Microsoft.DotNet.Cli.Utils.resources.dll",
        "tools/netcoreapp3.0/any/de/Microsoft.CodeAnalysis.CSharp.Scripting.resources.dll",
        "tools/netcoreapp3.0/any/de/Microsoft.CodeAnalysis.CSharp.resources.dll",
        "tools/netcoreapp3.0/any/de/Microsoft.CodeAnalysis.Scripting.resources.dll",
        "tools/netcoreapp3.0/any/de/Microsoft.CodeAnalysis.resources.dll",
        "tools/netcoreapp3.0/any/de/Microsoft.DotNet.Cli.Utils.resources.dll",
        "tools/netcoreapp3.0/any/dotnet-flubu.dll",
        "tools/netcoreapp3.0/any/dotnet-flubu.exe",
        "tools/netcoreapp3.0/any/dotnet-flubu.pdb",
        "tools/netcoreapp3.0/any/es/Microsoft.CodeAnalysis.CSharp.Scripting.resources.dll",
        "tools/netcoreapp3.0/any/es/Microsoft.CodeAnalysis.CSharp.resources.dll",
        "tools/netcoreapp3.0/any/es/Microsoft.CodeAnalysis.Scripting.resources.dll",
        "tools/netcoreapp3.0/any/es/Microsoft.CodeAnalysis.resources.dll",
        "tools/netcoreapp3.0/any/es/Microsoft.DotNet.Cli.Utils.resources.dll",
        "tools/netcoreapp3.0/any/flubureadme.txt",
        "tools/netcoreapp3.0/any/fr/Microsoft.CodeAnalysis.CSharp.Scripting.resources.dll",
        "tools/netcoreapp3.0/any/fr/Microsoft.CodeAnalysis.CSharp.resources.dll",
        "tools/netcoreapp3.0/any/fr/Microsoft.CodeAnalysis.Scripting.resources.dll",
        "tools/netcoreapp3.0/any/fr/Microsoft.CodeAnalysis.resources.dll",
        "tools/netcoreapp3.0/any/fr/Microsoft.DotNet.Cli.Utils.resources.dll",
        "tools/netcoreapp3.0/any/it/Microsoft.CodeAnalysis.CSharp.Scripting.resources.dll",
        "tools/netcoreapp3.0/any/it/Microsoft.CodeAnalysis.CSharp.resources.dll",
        "tools/netcoreapp3.0/any/it/Microsoft.CodeAnalysis.Scripting.resources.dll",
        "tools/netcoreapp3.0/any/it/Microsoft.CodeAnalysis.resources.dll",
        "tools/netcoreapp3.0/any/it/Microsoft.DotNet.Cli.Utils.resources.dll",
        "tools/netcoreapp3.0/any/ja/Microsoft.CodeAnalysis.CSharp.Scripting.resources.dll",
        "tools/netcoreapp3.0/any/ja/Microsoft.CodeAnalysis.CSharp.resources.dll",
        "tools/netcoreapp3.0/any/ja/Microsoft.CodeAnalysis.Scripting.resources.dll",
        "tools/netcoreapp3.0/any/ja/Microsoft.CodeAnalysis.resources.dll",
        "tools/netcoreapp3.0/any/ja/Microsoft.DotNet.Cli.Utils.resources.dll",
        "tools/netcoreapp3.0/any/ko/Microsoft.CodeAnalysis.CSharp.Scripting.resources.dll",
        "tools/netcoreapp3.0/any/ko/Microsoft.CodeAnalysis.CSharp.resources.dll",
        "tools/netcoreapp3.0/any/ko/Microsoft.CodeAnalysis.Scripting.resources.dll",
        "tools/netcoreapp3.0/any/ko/Microsoft.CodeAnalysis.resources.dll",
        "tools/netcoreapp3.0/any/ko/Microsoft.DotNet.Cli.Utils.resources.dll",
        "tools/netcoreapp3.0/any/pl/Microsoft.CodeAnalysis.CSharp.Scripting.resources.dll",
        "tools/netcoreapp3.0/any/pl/Microsoft.CodeAnalysis.CSharp.resources.dll",
        "tools/netcoreapp3.0/any/pl/Microsoft.CodeAnalysis.Scripting.resources.dll",
        "tools/netcoreapp3.0/any/pl/Microsoft.CodeAnalysis.resources.dll",
        "tools/netcoreapp3.0/any/pl/Microsoft.DotNet.Cli.Utils.resources.dll",
        "tools/netcoreapp3.0/any/pt-BR/Microsoft.CodeAnalysis.CSharp.Scripting.resources.dll",
        "tools/netcoreapp3.0/any/pt-BR/Microsoft.CodeAnalysis.CSharp.resources.dll",
        "tools/netcoreapp3.0/any/pt-BR/Microsoft.CodeAnalysis.Scripting.resources.dll",
        "tools/netcoreapp3.0/any/pt-BR/Microsoft.CodeAnalysis.resources.dll",
        "tools/netcoreapp3.0/any/pt-BR/Microsoft.DotNet.Cli.Utils.resources.dll",
        "tools/netcoreapp3.0/any/ru/Microsoft.CodeAnalysis.CSharp.Scripting.resources.dll",
        "tools/netcoreapp3.0/any/ru/Microsoft.CodeAnalysis.CSharp.resources.dll",
        "tools/netcoreapp3.0/any/ru/Microsoft.CodeAnalysis.Scripting.resources.dll",
        "tools/netcoreapp3.0/any/ru/Microsoft.CodeAnalysis.resources.dll",
        "tools/netcoreapp3.0/any/ru/Microsoft.DotNet.Cli.Utils.resources.dll",
        "tools/netcoreapp3.0/any/runtimes/unix/lib/netstandard1.3/System.Security.Cryptography.ProtectedData.dll",
        "tools/netcoreapp3.0/any/runtimes/win/lib/netcoreapp2.0/System.Diagnostics.EventLog.dll",
        "tools/netcoreapp3.0/any/runtimes/win/lib/netstandard1.3/System.Security.Cryptography.ProtectedData.dll",
        "tools/netcoreapp3.0/any/runtimes/win/lib/netstandard2.0/System.ServiceProcess.ServiceController.dll",
        "tools/netcoreapp3.0/any/runtimes/win/lib/netstandard2.0/System.Threading.AccessControl.dll",
        "tools/netcoreapp3.0/any/tr/Microsoft.CodeAnalysis.CSharp.Scripting.resources.dll",
        "tools/netcoreapp3.0/any/tr/Microsoft.CodeAnalysis.CSharp.resources.dll",
        "tools/netcoreapp3.0/any/tr/Microsoft.CodeAnalysis.Scripting.resources.dll",
        "tools/netcoreapp3.0/any/tr/Microsoft.CodeAnalysis.resources.dll",
        "tools/netcoreapp3.0/any/tr/Microsoft.DotNet.Cli.Utils.resources.dll",
        "tools/netcoreapp3.0/any/zh-Hans/Microsoft.CodeAnalysis.CSharp.Scripting.resources.dll",
        "tools/netcoreapp3.0/any/zh-Hans/Microsoft.CodeAnalysis.CSharp.resources.dll",
        "tools/netcoreapp3.0/any/zh-Hans/Microsoft.CodeAnalysis.Scripting.resources.dll",
        "tools/netcoreapp3.0/any/zh-Hans/Microsoft.CodeAnalysis.resources.dll",
        "tools/netcoreapp3.0/any/zh-Hans/Microsoft.DotNet.Cli.Utils.resources.dll",
        "tools/netcoreapp3.0/any/zh-Hant/Microsoft.CodeAnalysis.CSharp.Scripting.resources.dll",
        "tools/netcoreapp3.0/any/zh-Hant/Microsoft.CodeAnalysis.CSharp.resources.dll",
        "tools/netcoreapp3.0/any/zh-Hant/Microsoft.CodeAnalysis.Scripting.resources.dll",
        "tools/netcoreapp3.0/any/zh-Hant/Microsoft.CodeAnalysis.resources.dll",
        "tools/netcoreapp3.0/any/zh-Hant/Microsoft.DotNet.Cli.Utils.resources.dll"
      ]
    }
  },
  "projectFileDependencyGroups": {
    ".NETCoreApp,Version=v3.1": [
      "flubucore.globaltool"
    ]
  },
  "packageFolders": {
    "/Users/larryadams/Projects/loanstreet/LoanServicingAPI-Client/.tools/.store/.stage/nw5iyd2q.sdo": {}
  },
  "project": {
    "version": "1.0.0",
    "restore": {
      "projectUniqueName": "/var/folders/pr/6sbtprns1sncv1545h0fx2600000gn/T/yv240tow.22x/restore.csproj",
      "projectName": "restore",
      "projectPath": "/var/folders/pr/6sbtprns1sncv1545h0fx2600000gn/T/yv240tow.22x/restore.csproj",
      "packagesPath": "/Users/larryadams/Projects/loanstreet/LoanServicingAPI-Client/.tools/.store/.stage/nw5iyd2q.sdo",
      "outputPath": "/Users/larryadams/Projects/loanstreet/LoanServicingAPI-Client/.tools/.store/.stage/nw5iyd2q.sdo/",
      "projectStyle": "DotnetToolReference",
      "configFilePaths": [
        "/Users/larryadams/.nuget/NuGet/NuGet.Config"
      ],
      "originalTargetFrameworks": [
        "netcoreapp3.1"
      ],
      "sources": {
        "/usr/local/share/dotnet/sdk/NuGetFallbackFolder": {},
        "https://api.nuget.org/v3/index.json": {}
      },
      "frameworks": {
        "netcoreapp3.1": {
          "projectReferences": {}
        }
      },
      "warningProperties": {
        "warnAsError": [
          "NU1605"
        ]
      }
    },
    "frameworks": {
      "netcoreapp3.1": {
        "dependencies": {
          "flubucore.globaltool": {
            "target": "Package",
            "version": "(, )"
          }
        },
        "imports": [
          "net461",
          "net462",
          "net47",
          "net471",
          "net472",
          "net48"
        ],
        "assetTargetFallback": true,
        "warn": true,
        "runtimeIdentifierGraphPath": "/usr/local/share/dotnet/sdk/3.1.100/RuntimeIdentifierGraph.json"
      }
    },
    "runtimes": {
      "any": {
        "#import": []
      }
    }
  }
}